
Microsoft Visual Studio Solution File, Format Version 12.00
# Visual Studio Version 16
VisualStudioVersion = 16.0.30503.244
MinimumVisualStudioVersion = 10.0.40219.1
Project("{FAE04EC0-301F-11D3-BF4B-00C04F79EFBC}") = "Api", "Api\Api.csproj", "{345B95D8-F381-4E6B-892E-85A9CD62A454}"
EndProject
Project("{FAE04EC0-301F-11D3-BF4B-00C04F79EFBC}") = "Domain", "Domain\Domain.csproj", "{8CDC675F-A4DB-41A7-868E-669AC7BFBF57}"
EndProject
Project("{FAE04EC0-301F-11D3-BF4B-00C04F79EFBC}") = "Repoistory", "Repoistory\Repoistory.csproj", "{1FB68757-7730-41F8-B906-9F9FBEEFB930}"
EndProject
Project("{FAE04EC0-301F-11D3-BF4B-00C04F79EFBC}") = "Services", "Services\Services.csproj", "{F1DAD11C-D5BD-4EE9-96C6-38742F2749C6}"
EndProject
Project("{FAE04EC0-301F-11D3-BF4B-00C04F79EFBC}") = "DataAcces", "DbContext\DataAcces.csproj", "{9FEDA479-4840-4C56-9A18-57F97FFD166A}"
EndProject
Global
	GlobalSection(SolutionConfigurationPlatforms) = preSolution
		Debug|Any CPU = Debug|Any CPU
		Release|Any CPU = Release|Any CPU
	EndGlobalSection
	GlobalSection(ProjectConfigurationPlatforms) = postSolution
		{345B95D8-F381-4E6B-892E-85A9CD62A454}.Debug|Any CPU.ActiveCfg = Debug|Any CPU
		{345B95D8-F381-4E6B-892E-85A9CD62A454}.Debug|Any CPU.Build.0 = Debug|Any CPU
		{345B95D8-F381-4E6B-892E-85A9CD62A454}.Release|Any CPU.ActiveCfg = Release|Any CPU
		{345B95D8-F381-4E6B-892E-85A9CD62A454}.Release|Any CPU.Build.0 = Release|Any CPU
		{8CDC675F-A4DB-41A7-868E-669AC7BFBF57}.Debug|Any CPU.ActiveCfg = Debug|Any CPU
		{8CDC675F-A4DB-41A7-868E-669AC7BFBF57}.Debug|Any CPU.Build.0 = Debug|Any CPU
		{8CDC675F-A4DB-41A7-868E-669AC7BFBF57}.Release|Any CPU.ActiveCfg = Release|Any CPU
		{8CDC675F-A4DB-41A7-868E-669AC7BFBF57}.Release|Any CPU.Build.0 = Release|Any CPU
		{1FB68757-7730-41F8-B906-9F9FBEEFB930}.Debug|Any CPU.ActiveCfg = Debug|Any CPU
		{1FB68757-7730-41F8-B906-9F9FBEEFB930}.Debug|Any CPU.Build.0 = Debug|Any CPU
		{1FB68757-7730-41F8-B906-9F9FBEEFB930}.Release|Any CPU.ActiveCfg = Release|Any CPU
		{1FB68757-7730-41F8-B906-9F9FBEEFB930}.Release|Any CPU.Build.0 = Release|Any CPU
		{F1DAD11C-D5BD-4EE9-96C6-38742F2749C6}.Debug|Any CPU.ActiveCfg = Debug|Any CPU
		{F1DAD11C-D5BD-4EE9-96C6-38742F2749C6}.Debug|Any CPU.Build.0 = Debug|Any CPU
		{F1DAD11C-D5BD-4EE9-96C6-38742F2749C6}.Release|Any CPU.ActiveCfg = Release|Any CPU
		{F1DAD11C-D5BD-4EE9-96C6-38742F2749C6}.Release|Any CPU.Build.0 = Release|Any CPU
		{9FEDA479-4840-4C56-9A18-57F97FFD166A}.Debug|Any CPU.ActiveCfg = Debug|Any CPU
		{9FEDA479-4840-4C56-9A18-57F97FFD166A}.Debug|Any CPU.Build.0 = Debug|Any CPU
		{9FEDA479-4840-4C56-9A18-57F97FFD166A}.Release|Any CPU.ActiveCfg = Release|Any CPU
		{9FEDA479-4840-4C56-9A18-57F97FFD166A}.Release|Any CPU.Build.0 = Release|Any CPU
	EndGlobalSection
	GlobalSection(SolutionProperties) = preSolution
		HideSolutionNode = FALSE
	EndGlobalSection
	GlobalSection(ExtensibilityGlobals) = postSolution
		SolutionGuid = {93644936-1F11-4865-B3D2-2446BE7A17F7}
	EndGlobalSection
EndGlobal
